
Microsoft Visual Studio Solution File, Format Version 12.00
# Visual Studio Version 18
VisualStudioVersion = 18.6.11806.211 stable
MinimumVisualStudioVersion = 10.0.40219.1
Project("{FAE04EC0-301F-11D3-BF4B-00C04F79EFBC}") = "Lab1_ConsoleBasic", "Lab1_ConsoleBasic.csproj", "{174EA1AF-6ABD-AD24-1C2A-F4450DABEA2B}"
EndProject
Global
	GlobalSection(SolutionConfigurationPlatforms) = preSolution
		Debug|Any CPU = Debug|Any CPU
		Release|Any CPU = Release|Any CPU
	EndGlobalSection
	GlobalSection(ProjectConfigurationPlatforms) = postSolution
		{174EA1AF-6ABD-AD24-1C2A-F4450DABEA2B}.Debug|Any CPU.ActiveCfg = Debug|Any CPU
		{174EA1AF-6ABD-AD24-1C2A-F4450DABEA2B}.Debug|Any CPU.Build.0 = Debug|Any CPU
		{174EA1AF-6ABD-AD24-1C2A-F4450DABEA2B}.Release|Any CPU.ActiveCfg = Release|Any CPU
		{174EA1AF-6ABD-AD24-1C2A-F4450DABEA2B}.Release|Any CPU.Build.0 = Release|Any CPU
	EndGlobalSection
	GlobalSection(SolutionProperties) = preSolution
		HideSolutionNode = FALSE
	EndGlobalSection
	GlobalSection(ExtensibilityGlobals) = postSolution
		SolutionGuid = {88F280E2-795C-4FB4-996D-AF04E6DD46F8}
	EndGlobalSection
EndGlobal
